
Microsoft Visual Studio Solution File, Format Version 12.00
# Visual Studio Version 17
VisualStudioVersion = 17.4.33403.182
MinimumVisualStudioVersion = 10.0.40219.1
Project("{FAE04EC0-301F-11D3-BF4B-00C04F79EFBC}") = "SRP_Practical_7", "SRP_Practical_7\SRP_Practical_7.csproj", "{59384271-8B58-45AE-8EBB-144BAECBDD68}"
EndProject
Global
	GlobalSection(SolutionConfigurationPlatforms) = preSolution
		Debug|Any CPU = Debug|Any CPU
		Release|Any CPU = Release|Any CPU
	EndGlobalSection
	GlobalSection(ProjectConfigurationPlatforms) = postSolution
		{59384271-8B58-45AE-8EBB-144BAECBDD68}.Debug|Any CPU.ActiveCfg = Debug|Any CPU
		{59384271-8B58-45AE-8EBB-144BAECBDD68}.Debug|Any CPU.Build.0 = Debug|Any CPU
		{59384271-8B58-45AE-8EBB-144BAECBDD68}.Release|Any CPU.ActiveCfg = Release|Any CPU
		{59384271-8B58-45AE-8EBB-144BAECBDD68}.Release|Any CPU.Build.0 = Release|Any CPU
	EndGlobalSection
	GlobalSection(SolutionProperties) = preSolution
		HideSolutionNode = FALSE
	EndGlobalSection
	GlobalSection(ExtensibilityGlobals) = postSolution
		SolutionGuid = {706715CD-5CAC-482B-98E9-F3535D8F71B5}
	EndGlobalSection
EndGlobal
